
Microsoft Visual Studio Solution File, Format Version 12.00
# Visual Studio Version 17
VisualStudioVersion = 17.5.33516.290
MinimumVisualStudioVersion = 10.0.40219.1
Project("{9A19103F-16F7-4668-BE54-9A1E7A4F7556}") = "Cloudware.Api", "Cloudware.Api\Cloudware.Api.csproj", "{C0B93045-FED2-4ABD-823F-9A022AE8A4FF}"
EndProject
Project("{2150E333-8FDC-42A3-9474-1A3956D46DE8}") = "01 - Interface", "01 - Interface", "{22E6A387-FE0F-4011-8C92-5579EB80BFB6}"
EndProject
Project("{2150E333-8FDC-42A3-9474-1A3956D46DE8}") = "02 - Domain", "02 - Domain", "{2489BD4B-5B42-45A8-AC4B-6ECDC6A01A01}"
EndProject
Project("{2150E333-8FDC-42A3-9474-1A3956D46DE8}") = "03 - Repository", "03 - Repository", "{BA7C2958-B585-48E1-A1C1-895FFAE720D7}"
EndProject
Project("{9A19103F-16F7-4668-BE54-9A1E7A4F7556}") = "Cludware.Repository", "Cludware.Repository\Cludware.Repository.csproj", "{0A871A49-8717-4510-A289-ED1E6A685217}"
EndProject
Project("{9A19103F-16F7-4668-BE54-9A1E7A4F7556}") = "Cloudware.Core", "Cloudware.Core\Cloudware.Core.csproj", "{81DCAE2A-8CBB-4491-8F2B-E383A1C06386}"
EndProject
Project("{FAE04EC0-301F-11D3-BF4B-00C04F79EFBC}") = "Cloudware.Application.Commands", "Cloudware.Application.Commands\Cloudware.Application.Commands.csproj", "{4FB9E4CF-5522-42B4-8CF5-4E9FB8848156}"
EndProject
Project("{FAE04EC0-301F-11D3-BF4B-00C04F79EFBC}") = "Cloudware.Application.Queries", "Cloudware.Application.Queries\Cloudware.Application.Queries.csproj", "{99022688-8BE7-4E85-BDC1-AF29428CEE16}"
EndProject
Global
	GlobalSection(SolutionConfigurationPlatforms) = preSolution
		Debug|Any CPU = Debug|Any CPU
		Release|Any CPU = Release|Any CPU
	EndGlobalSection
	GlobalSection(ProjectConfigurationPlatforms) = postSolution
		{C0B93045-FED2-4ABD-823F-9A022AE8A4FF}.Debug|Any CPU.ActiveCfg = Debug|Any CPU
		{C0B93045-FED2-4ABD-823F-9A022AE8A4FF}.Debug|Any CPU.Build.0 = Debug|Any CPU
		{C0B93045-FED2-4ABD-823F-9A022AE8A4FF}.Release|Any CPU.ActiveCfg = Release|Any CPU
		{C0B93045-FED2-4ABD-823F-9A022AE8A4FF}.Release|Any CPU.Build.0 = Release|Any CPU
		{0A871A49-8717-4510-A289-ED1E6A685217}.Debug|Any CPU.ActiveCfg = Debug|Any CPU
		{0A871A49-8717-4510-A289-ED1E6A685217}.Debug|Any CPU.Build.0 = Debug|Any CPU
		{0A871A49-8717-4510-A289-ED1E6A685217}.Release|Any CPU.ActiveCfg = Release|Any CPU
		{0A871A49-8717-4510-A289-ED1E6A685217}.Release|Any CPU.Build.0 = Release|Any CPU
		{81DCAE2A-8CBB-4491-8F2B-E383A1C06386}.Debug|Any CPU.ActiveCfg = Debug|Any CPU
		{81DCAE2A-8CBB-4491-8F2B-E383A1C06386}.Debug|Any CPU.Build.0 = Debug|Any CPU
		{81DCAE2A-8CBB-4491-8F2B-E383A1C06386}.Release|Any CPU.ActiveCfg = Release|Any CPU
		{81DCAE2A-8CBB-4491-8F2B-E383A1C06386}.Release|Any CPU.Build.0 = Release|Any CPU
		{4FB9E4CF-5522-42B4-8CF5-4E9FB8848156}.Debug|Any CPU.ActiveCfg = Debug|Any CPU
		{4FB9E4CF-5522-42B4-8CF5-4E9FB8848156}.Debug|Any CPU.Build.0 = Debug|Any CPU
		{4FB9E4CF-5522-42B4-8CF5-4E9FB8848156}.Release|Any CPU.ActiveCfg = Release|Any CPU
		{4FB9E4CF-5522-42B4-8CF5-4E9FB8848156}.Release|Any CPU.Build.0 = Release|Any CPU
		{99022688-8BE7-4E85-BDC1-AF29428CEE16}.Debug|Any CPU.ActiveCfg = Debug|Any CPU
		{99022688-8BE7-4E85-BDC1-AF29428CEE16}.Debug|Any CPU.Build.0 = Debug|Any CPU
		{99022688-8BE7-4E85-BDC1-AF29428CEE16}.Release|Any CPU.ActiveCfg = Release|Any CPU
		{99022688-8BE7-4E85-BDC1-AF29428CEE16}.Release|Any CPU.Build.0 = Release|Any CPU
	EndGlobalSection
	GlobalSection(SolutionProperties) = preSolution
		HideSolutionNode = FALSE
	EndGlobalSection
	GlobalSection(NestedProjects) = preSolution
		{C0B93045-FED2-4ABD-823F-9A022AE8A4FF} = {22E6A387-FE0F-4011-8C92-5579EB80BFB6}
		{0A871A49-8717-4510-A289-ED1E6A685217} = {BA7C2958-B585-48E1-A1C1-895FFAE720D7}
		{81DCAE2A-8CBB-4491-8F2B-E383A1C06386} = {2489BD4B-5B42-45A8-AC4B-6ECDC6A01A01}
		{4FB9E4CF-5522-42B4-8CF5-4E9FB8848156} = {2489BD4B-5B42-45A8-AC4B-6ECDC6A01A01}
		{99022688-8BE7-4E85-BDC1-AF29428CEE16} = {2489BD4B-5B42-45A8-AC4B-6ECDC6A01A01}
	EndGlobalSection
	GlobalSection(ExtensibilityGlobals) = postSolution
		SolutionGuid = {CF29AA63-3CB2-4DE0-AF58-2CE7A1B74CFA}
	EndGlobalSection
EndGlobal
